// !$*UTF8*$!
{
	archiveVersion = 1;
	classes = {
	};
	objectVersion = 46;
	objects = {

/* Begin PBXBuildFile section */
		8E1DD6771D25616C0027A941 /* CountyLine.sks in Resources */ = {isa = PBXBuildFile; fileRef = 8E1DD6761D25616C0027A941 /* CountyLine.sks */; };
		8E1DD6791D2562280027A941 /* CountyLine.swift in Sources */ = {isa = PBXBuildFile; fileRef = 8E1DD6781D2562280027A941 /* CountyLine.swift */; };
		8E1DD67D1D2568C30027A941 /* BGAndGround.swift in Sources */ = {isa = PBXBuildFile; fileRef = 8E1DD67C1D2568C30027A941 /* BGAndGround.swift */; };
		8E1DD67F1D256DE80027A941 /* Constants.swift in Sources */ = {isa = PBXBuildFile; fileRef = 8E1DD67E1D256DE80027A941 /* Constants.swift */; };
		8E1DD6811D257BEA0027A941 /* Capitol.swift in Sources */ = {isa = PBXBuildFile; fileRef = 8E1DD6801D257BEA0027A941 /* Capitol.swift */; };
		8E1DD6831D257C5D0027A941 /* Capitol.sks in Resources */ = {isa = PBXBuildFile; fileRef = 8E1DD6821D257C5D0027A941 /* Capitol.sks */; };
		8E305EA81D2BF01C009DE34A /* Ridgewood.swift in Sources */ = {isa = PBXBuildFile; fileRef = 8E305EA71D2BF01C009DE34A /* Ridgewood.swift */; };
		8E305EAA1D2BF054009DE34A /* Ridgewood.sks in Resources */ = {isa = PBXBuildFile; fileRef = 8E305EA91D2BF054009DE34A /* Ridgewood.sks */; };
		8E4D3DC51D1C72AA0038FE72 /* HappyVintageBeat.wav in Resources */ = {isa = PBXBuildFile; fileRef = 8E4D3DC41D1C72AA0038FE72 /* HappyVintageBeat.wav */; };
		8E7601F51D1B317F00228445 /* AppDelegate.swift in Sources */ = {isa = PBXBuildFile; fileRef = 8E7601F41D1B317F00228445 /* AppDelegate.swift */; };
		8E7601FB1D1B317F00228445 /* GameViewController.swift in Sources */ = {isa = PBXBuildFile; fileRef = 8E7601FA1D1B317F00228445 /* GameViewController.swift */; };
		8E7601FE1D1B317F00228445 /* Main.storyboard in Resources */ = {isa = PBXBuildFile; fileRef = 8E7601FC1D1B317F00228445 /* Main.storyboard */; };
		8E7602001D1B317F00228445 /* Assets.xcassets in Resources */ = {isa = PBXBuildFile; fileRef = 8E7601FF1D1B317F00228445 /* Assets.xcassets */; };
		8E7602031D1B317F00228445 /* LaunchScreen.storyboard in Resources */ = {isa = PBXBuildFile; fileRef = 8E7602011D1B317F00228445 /* LaunchScreen.storyboard */; };
		8E7602241D1B31FF00228445 /* Jump.wav in Resources */ = {isa = PBXBuildFile; fileRef = 8E7602231D1B31FF00228445 /* Jump.wav */; };
		8E76024A1D1B33FE00228445 /* Level1.sks in Resources */ = {isa = PBXBuildFile; fileRef = 8E7602491D1B33FE00228445 /* Level1.sks */; };
		8E76024C1D1B346900228445 /* Level1.swift in Sources */ = {isa = PBXBuildFile; fileRef = 8E76024B1D1B346900228445 /* Level1.swift */; };
		8E7602501D1B4AB200228445 /* Player.swift in Sources */ = {isa = PBXBuildFile; fileRef = 8E76024F1D1B4AB200228445 /* Player.swift */; };
		8E936D3A1D1EF65C005F726D /* AudioManager.swift in Sources */ = {isa = PBXBuildFile; fileRef = 8E936D391D1EF65C005F726D /* AudioManager.swift */; };
		8EB97DED1D2184ED00605EDE /* Road_Rage.otf in Resources */ = {isa = PBXBuildFile; fileRef = 8EB97DEC1D2184ED00605EDE /* Road_Rage.otf */; };
		8EB97DEF1D21A9CA00605EDE /* LevelSelectScene.sks in Resources */ = {isa = PBXBuildFile; fileRef = 8EB97DEE1D21A9CA00605EDE /* LevelSelectScene.sks */; };
		8EB97DF11D21A9E000605EDE /* LevelSelectScene.swift in Sources */ = {isa = PBXBuildFile; fileRef = 8EB97DF01D21A9E000605EDE /* LevelSelectScene.swift */; };
		8EB97DF31D21AA0600605EDE /* OptionsScene.swift in Sources */ = {isa = PBXBuildFile; fileRef = 8EB97DF21D21AA0600605EDE /* OptionsScene.swift */; };
		8EB97DF51D21AA4100605EDE /* OptionsScene.sks in Resources */ = {isa = PBXBuildFile; fileRef = 8EB97DF41D21AA4100605EDE /* OptionsScene.sks */; };
		8EB97DF71D22DD8800605EDE /* Death.mp3 in Resources */ = {isa = PBXBuildFile; fileRef = 8EB97DF61D22DD8800605EDE /* Death.mp3 */; };
		8EB97DF91D22DF7900605EDE /* Coin.wav in Resources */ = {isa = PBXBuildFile; fileRef = 8EB97DF81D22DF7900605EDE /* Coin.wav */; };
		8ECF7B441D2D5630007BB40B /* High.swift in Sources */ = {isa = PBXBuildFile; fileRef = 8ECF7B431D2D5630007BB40B /* High.swift */; };
		8ECF7B461D2D563C007BB40B /* High.sks in Resources */ = {isa = PBXBuildFile; fileRef = 8ECF7B451D2D563C007BB40B /* High.sks */; };
		8ECF7B481D2D6171007BB40B /* State.swift in Sources */ = {isa = PBXBuildFile; fileRef = 8ECF7B471D2D6171007BB40B /* State.swift */; };
		8ECF7B4A1D2D617B007BB40B /* State.sks in Resources */ = {isa = PBXBuildFile; fileRef = 8ECF7B491D2D617B007BB40B /* State.sks */; };
		8ECF7B4C1D2D96B2007BB40B /* Terry.swift in Sources */ = {isa = PBXBuildFile; fileRef = 8ECF7B4B1D2D96B2007BB40B /* Terry.swift */; };
		8ECF7B4E1D2D96C7007BB40B /* Fortification.swift in Sources */ = {isa = PBXBuildFile; fileRef = 8ECF7B4D1D2D96C7007BB40B /* Fortification.swift */; };
		8ECF7B501D2D96F5007BB40B /* McDowell.swift in Sources */ = {isa = PBXBuildFile; fileRef = 8ECF7B4F1D2D96F5007BB40B /* McDowell.swift */; };
		8ECF7B521D2D9710007BB40B /* Ellis.swift in Sources */ = {isa = PBXBuildFile; fileRef = 8ECF7B511D2D9710007BB40B /* Ellis.swift */; };
		8ECF7B541D2D972B007BB40B /* WoodrowWilson.swift in Sources */ = {isa = PBXBuildFile; fileRef = 8ECF7B531D2D972B007BB40B /* WoodrowWilson.swift */; };
		8ECF7B561D2D9744007BB40B /* OldCanton.swift in Sources */ = {isa = PBXBuildFile; fileRef = 8ECF7B551D2D9744007BB40B /* OldCanton.swift */; };
		8ECF7B581D2D975C007BB40B /* Lakeland.swift in Sources */ = {isa = PBXBuildFile; fileRef = 8ECF7B571D2D975C007BB40B /* Lakeland.swift */; };
		8ECF7B5A1D2D9784007BB40B /* Terry.sks in Resources */ = {isa = PBXBuildFile; fileRef = 8ECF7B591D2D9784007BB40B /* Terry.sks */; };
		8ECF7B5C1D2D9794007BB40B /* Fortification.sks in Resources */ = {isa = PBXBuildFile; fileRef = 8ECF7B5B1D2D9794007BB40B /* Fortification.sks */; };
		8ECF7B5E1D2D979E007BB40B /* McDowell.sks in Resources */ = {isa = PBXBuildFile; fileRef = 8ECF7B5D1D2D979E007BB40B /* McDowell.sks */; };
		8ECF7B601D2D97A9007BB40B /* Ellis.sks in Resources */ = {isa = PBXBuildFile; fileRef = 8ECF7B5F1D2D97A9007BB40B /* Ellis.sks */; };
		8ECF7B621D2D97B6007BB40B /* WoodrowWilson.sks in Resources */ = {isa = PBXBuildFile; fileRef = 8ECF7B611D2D97B6007BB40B /* WoodrowWilson.sks */; };
		8ECF7B641D2D97C2007BB40B /* OldCanton.sks in Resources */ = {isa = PBXBuildFile; fileRef = 8ECF7B631D2D97C2007BB40B /* OldCanton.sks */; };
		8ECF7B661D2D97CE007BB40B /* Lakeland.sks in Resources */ = {isa = PBXBuildFile; fileRef = 8ECF7B651D2D97CE007BB40B /* Lakeland.sks */; };
		8EFBD4591D1D8F5300E209D3 /* MainMenuScene.sks in Resources */ = {isa = PBXBuildFile; fileRef = 8EFBD4581D1D8F5300E209D3 /* MainMenuScene.sks */; };
		8EFBD45B1D1D8F8D00E209D3 /* MainMenuScene.swift in Sources */ = {isa = PBXBuildFile; fileRef = 8EFBD45A1D1D8F8D00E209D3 /* MainMenuScene.swift */; };
/* End PBXBuildFile section */

/* Begin PBXFileReference section */
		8E1DD6761D25616C0027A941 /* CountyLine.sks */ = {isa = PBXFileReference; lastKnownFileType = file.sks; path = CountyLine.sks; sourceTree = "<group>"; };
		8E1DD6781D2562280027A941 /* CountyLine.swift */ = {isa = PBXFileReference; fileEncoding = 4; lastKnownFileType = sourcecode.swift; path = CountyLine.swift; sourceTree = "<group>"; };
		8E1DD67C1D2568C30027A941 /* BGAndGround.swift */ = {isa = PBXFileReference; fileEncoding = 4; lastKnownFileType = sourcecode.swift; path = BGAndGround.swift; sourceTree = "<group>"; };
		8E1DD67E1D256DE80027A941 /* Constants.swift */ = {isa = PBXFileReference; fileEncoding = 4; lastKnownFileType = sourcecode.swift; path = Constants.swift; sourceTree = "<group>"; };
		8E1DD6801D257BEA0027A941 /* Capitol.swift */ = {isa = PBXFileReference; fileEncoding = 4; lastKnownFileType = sourcecode.swift; path = Capitol.swift; sourceTree = "<group>"; };
		8E1DD6821D257C5D0027A941 /* Capitol.sks */ = {isa = PBXFileReference; lastKnownFileType = file.sks; path = Capitol.sks; sourceTree = "<group>"; };
		8E305EA71D2BF01C009DE34A /* Ridgewood.swift */ = {isa = PBXFileReference; fileEncoding = 4; lastKnownFileType = sourcecode.swift; path = Ridgewood.swift; sourceTree = "<group>"; };
		8E305EA91D2BF054009DE34A /* Ridgewood.sks */ = {isa = PBXFileReference; lastKnownFileType = file.sks; path = Ridgewood.sks; sourceTree = "<group>"; };
		8E4D3DC41D1C72AA0038FE72 /* HappyVintageBeat.wav */ = {isa = PBXFileReference; lastKnownFileType = audio.wav; path = HappyVintageBeat.wav; sourceTree = "<group>"; };
		8E7601F11D1B317F00228445 /* Welcome_To_Jackson.app */ = {isa = PBXFileReference; explicitFileType = wrapper.application; includeInIndex = 0; path = Welcome_To_Jackson.app; sourceTree = BUILT_PRODUCTS_DIR; };
		8E7601F41D1B317F00228445 /* AppDelegate.swift */ = {isa = PBXFileReference; lastKnownFileType = sourcecode.swift; path = AppDelegate.swift; sourceTree = "<group>"; };
		8E7601FA1D1B317F00228445 /* GameViewController.swift */ = {isa = PBXFileReference; lastKnownFileType = sourcecode.swift; path = GameViewController.swift; sourceTree = "<group>"; };
		8E7601FD1D1B317F00228445 /* Base */ = {isa = PBXFileReference; lastKnownFileType = file.storyboard; name = Base; path = Base.lproj/Main.storyboard; sourceTree = "<group>"; };
		8E7601FF1D1B317F00228445 /* Assets.xcassets */ = {isa = PBXFileReference; lastKnownFileType = folder.assetcatalog; path = Assets.xcassets; sourceTree = "<group>"; };
		8E7602021D1B317F00228445 /* Base */ = {isa = PBXFileReference; lastKnownFileType = file.storyboard; name = Base; path = Base.lproj/LaunchScreen.storyboard; sourceTree = "<group>"; };
		8E7602041D1B317F00228445 /* Info.plist */ = {isa = PBXFileReference; lastKnownFileType = text.plist.xml; path = Info.plist; sourceTree = "<group>"; };
		8E7602231D1B31FF00228445 /* Jump.wav */ = {isa = PBXFileReference; lastKnownFileType = audio.wav; path = Jump.wav; sourceTree = "<group>"; };
		8E7602491D1B33FE00228445 /* Level1.sks */ = {isa = PBXFileReference; lastKnownFileType = file.sks; path = Level1.sks; sourceTree = "<group>"; };
		8E76024B1D1B346900228445 /* Level1.swift */ = {isa = PBXFileReference; fileEncoding = 4; lastKnownFileType = sourcecode.swift; path = Level1.swift; sourceTree = "<group>"; };
		8E76024F1D1B4AB200228445 /* Player.swift */ = {isa = PBXFileReference; fileEncoding = 4; lastKnownFileType = sourcecode.swift; path = Player.swift; sourceTree = "<group>"; };
		8E936D391D1EF65C005F726D /* AudioManager.swift */ = {isa = PBXFileReference; fileEncoding = 4; lastKnownFileType = sourcecode.swift; path = AudioManager.swift; sourceTree = "<group>"; };
		8EB97DEC1D2184ED00605EDE /* Road_Rage.otf */ = {isa = PBXFileReference; lastKnownFileType = file; path = Road_Rage.otf; sourceTree = "<group>"; };
		8EB97DEE1D21A9CA00605EDE /* LevelSelectScene.sks */ = {isa = PBXFileReference; lastKnownFileType = file.sks; path = LevelSelectScene.sks; sourceTree = "<group>"; };
		8EB97DF01D21A9E000605EDE /* LevelSelectScene.swift */ = {isa = PBXFileReference; fileEncoding = 4; lastKnownFileType = sourcecode.swift; path = LevelSelectScene.swift; sourceTree = "<group>"; };
		8EB97DF21D21AA0600605EDE /* OptionsScene.swift */ = {isa = PBXFileReference; fileEncoding = 4; lastKnownFileType = sourcecode.swift; path = OptionsScene.swift; sourceTree = "<group>"; };
		8EB97DF41D21AA4100605EDE /* OptionsScene.sks */ = {isa = PBXFileReference; lastKnownFileType = file.sks; path = OptionsScene.sks; sourceTree = "<group>"; };
		8EB97DF61D22DD8800605EDE /* Death.mp3 */ = {isa = PBXFileReference; lastKnownFileType = audio.mp3; path = Death.mp3; sourceTree = "<group>"; };
		8EB97DF81D22DF7900605EDE /* Coin.wav */ = {isa = PBXFileReference; lastKnownFileType = audio.wav; path = Coin.wav; sourceTree = "<group>"; };
		8ECF7B431D2D5630007BB40B /* High.swift */ = {isa = PBXFileReference; fileEncoding = 4; lastKnownFileType = sourcecode.swift; path = High.swift; sourceTree = "<group>"; };
		8ECF7B451D2D563C007BB40B /* High.sks */ = {isa = PBXFileReference; lastKnownFileType = file.sks; path = High.sks; sourceTree = "<group>"; };
		8ECF7B471D2D6171007BB40B /* State.swift */ = {isa = PBXFileReference; fileEncoding = 4; lastKnownFileType = sourcecode.swift; path = State.swift; sourceTree = "<group>"; };
		8ECF7B491D2D617B007BB40B /* State.sks */ = {isa = PBXFileReference; lastKnownFileType = file.sks; path = State.sks; sourceTree = "<group>"; };
		8ECF7B4B1D2D96B2007BB40B /* Terry.swift */ = {isa = PBXFileReference; fileEncoding = 4; lastKnownFileType = sourcecode.swift; path = Terry.swift; sourceTree = "<group>"; };
		8ECF7B4D1D2D96C7007BB40B /* Fortification.swift */ = {isa = PBXFileReference; fileEncoding = 4; lastKnownFileType = sourcecode.swift; path = Fortification.swift; sourceTree = "<group>"; };
		8ECF7B4F1D2D96F5007BB40B /* McDowell.swift */ = {isa = PBXFileReference; fileEncoding = 4; lastKnownFileType = sourcecode.swift; path = McDowell.swift; sourceTree = "<group>"; };
		8ECF7B511D2D9710007BB40B /* Ellis.swift */ = {isa = PBXFileReference; fileEncoding = 4; lastKnownFileType = sourcecode.swift; path = Ellis.swift; sourceTree = "<group>"; };
		8ECF7B531D2D972B007BB40B /* WoodrowWilson.swift */ = {isa = PBXFileReference; fileEncoding = 4; lastKnownFileType = sourcecode.swift; path = WoodrowWilson.swift; sourceTree = "<group>"; };
		8ECF7B551D2D9744007BB40B /* OldCanton.swift */ = {isa = PBXFileReference; fileEncoding = 4; lastKnownFileType = sourcecode.swift; path = OldCanton.swift; sourceTree = "<group>"; };
		8ECF7B571D2D975C007BB40B /* Lakeland.swift */ = {isa = PBXFileReference; fileEncoding = 4; lastKnownFileType = sourcecode.swift; path = Lakeland.swift; sourceTree = "<group>"; };
		8ECF7B591D2D9784007BB40B /* Terry.sks */ = {isa = PBXFileReference; lastKnownFileType = file.sks; path = Terry.sks; sourceTree = "<group>"; };
		8ECF7B5B1D2D9794007BB40B /* Fortification.sks */ = {isa = PBXFileReference; lastKnownFileType = file.sks; path = Fortification.sks; sourceTree = "<group>"; };
		8ECF7B5D1D2D979E007BB40B /* McDowell.sks */ = {isa = PBXFileReference; lastKnownFileType = file.sks; path = McDowell.sks; sourceTree = "<group>"; };
		8ECF7B5F1D2D97A9007BB40B /* Ellis.sks */ = {isa = PBXFileReference; lastKnownFileType = file.sks; path = Ellis.sks; sourceTree = "<group>"; };
		8ECF7B611D2D97B6007BB40B /* WoodrowWilson.sks */ = {isa = PBXFileReference; lastKnownFileType = file.sks; path = WoodrowWilson.sks; sourceTree = "<group>"; };
		8ECF7B631D2D97C2007BB40B /* OldCanton.sks */ = {isa = PBXFileReference; lastKnownFileType = file.sks; path = OldCanton.sks; sourceTree = "<group>"; };
		8ECF7B651D2D97CE007BB40B /* Lakeland.sks */ = {isa = PBXFileReference; lastKnownFileType = file.sks; path = Lakeland.sks; sourceTree = "<group>"; };
		8EFBD4581D1D8F5300E209D3 /* MainMenuScene.sks */ = {isa = PBXFileReference; lastKnownFileType = file.sks; path = MainMenuScene.sks; sourceTree = "<group>"; };
		8EFBD45A1D1D8F8D00E209D3 /* MainMenuScene.swift */ = {isa = PBXFileReference; fileEncoding = 4; lastKnownFileType = sourcecode.swift; path = MainMenuScene.swift; sourceTree = "<group>"; };
/* End PBXFileReference section */

/* Begin PBXFrameworksBuildPhase section */
		8E7601EE1D1B317F00228445 /* Frameworks */ = {
			isa = PBXFrameworksBuildPhase;
			buildActionMask = 2147483647;
			files = (
			);
			runOnlyForDeploymentPostprocessing = 0;
		};
/* End PBXFrameworksBuildPhase section */

/* Begin PBXGroup section */
		8E7601E81D1B317F00228445 = {
			isa = PBXGroup;
			children = (
				8E7601F31D1B317F00228445 /* Welcome_To_Jackson */,
				8E7601F21D1B317F00228445 /* Products */,
			);
			sourceTree = "<group>";
		};
		8E7601F21D1B317F00228445 /* Products */ = {
			isa = PBXGroup;
			children = (
				8E7601F11D1B317F00228445 /* Welcome_To_Jackson.app */,
			);
			name = Products;
			sourceTree = "<group>";
		};
		8E7601F31D1B317F00228445 /* Welcome_To_Jackson */ = {
			isa = PBXGroup;
			children = (
				8E7601FF1D1B317F00228445 /* Assets.xcassets */,
				8E7601F41D1B317F00228445 /* AppDelegate.swift */,
				8E7601FA1D1B317F00228445 /* GameViewController.swift */,
				8E7601FC1D1B317F00228445 /* Main.storyboard */,
				8E936D391D1EF65C005F726D /* AudioManager.swift */,
				8E7602481D1B33DB00228445 /* Classes */,
				8E7602471D1B33C700228445 /* Scenes */,
				8E76020A1D1B31B000228445 /* Assets */,
				8E7602011D1B317F00228445 /* LaunchScreen.storyboard */,
				8E7602041D1B317F00228445 /* Info.plist */,
			);
			path = Welcome_To_Jackson;
			sourceTree = "<group>";
		};
		8E76020A1D1B31B000228445 /* Assets */ = {
			isa = PBXGroup;
			children = (
				8EB97DEC1D2184ED00605EDE /* Road_Rage.otf */,
				8E7602221D1B31FF00228445 /* Sounds */,
			);
			name = Assets;
			sourceTree = "<group>";
		};
		8E7602221D1B31FF00228445 /* Sounds */ = {
			isa = PBXGroup;
			children = (
				8E4D3DC41D1C72AA0038FE72 /* HappyVintageBeat.wav */,
				8EB97DF81D22DF7900605EDE /* Coin.wav */,
				8EB97DF61D22DD8800605EDE /* Death.mp3 */,
				8E7602231D1B31FF00228445 /* Jump.wav */,
			);
			path = Sounds;
			sourceTree = "<group>";
		};
		8E7602471D1B33C700228445 /* Scenes */ = {
			isa = PBXGroup;
			children = (
				8E7602491D1B33FE00228445 /* Level1.sks */,
				8E1DD6761D25616C0027A941 /* CountyLine.sks */,
				8E305EA91D2BF054009DE34A /* Ridgewood.sks */,
				8ECF7B451D2D563C007BB40B /* High.sks */,
				8ECF7B491D2D617B007BB40B /* State.sks */,
				8ECF7B591D2D9784007BB40B /* Terry.sks */,
				8ECF7B5B1D2D9794007BB40B /* Fortification.sks */,
				8ECF7B5D1D2D979E007BB40B /* McDowell.sks */,
				8ECF7B5F1D2D97A9007BB40B /* Ellis.sks */,
				8ECF7B611D2D97B6007BB40B /* WoodrowWilson.sks */,
				8ECF7B631D2D97C2007BB40B /* OldCanton.sks */,
				8ECF7B651D2D97CE007BB40B /* Lakeland.sks */,
				8EFBD4581D1D8F5300E209D3 /* MainMenuScene.sks */,
				8EB97DEE1D21A9CA00605EDE /* LevelSelectScene.sks */,
				8EB97DF41D21AA4100605EDE /* OptionsScene.sks */,
				8E1DD6821D257C5D0027A941 /* Capitol.sks */,
			);
			name = Scenes;
			path = ..;
			sourceTree = "<group>";
		};
		8E7602481D1B33DB00228445 /* Classes */ = {
			isa = PBXGroup;
			children = (
				8E1DD67C1D2568C30027A941 /* BGAndGround.swift */,
				8E1DD67E1D256DE80027A941 /* Constants.swift */,
				8E76024E1D1B4A9F00228445 /* Player Class */,
				8E76024D1D1B4A8600228445 /* Scene Classes */,
			);
			name = Classes;
			path = ..;
			sourceTree = "<group>";
		};
		8E76024D1D1B4A8600228445 /* Scene Classes */ = {
			isa = PBXGroup;
			children = (
				8E76024B1D1B346900228445 /* Level1.swift */,
				8E1DD6781D2562280027A941 /* CountyLine.swift */,
				8E1DD6801D257BEA0027A941 /* Capitol.swift */,
				8E305EA71D2BF01C009DE34A /* Ridgewood.swift */,
				8ECF7B431D2D5630007BB40B /* High.swift */,
				8ECF7B471D2D6171007BB40B /* State.swift */,
				8ECF7B4B1D2D96B2007BB40B /* Terry.swift */,
				8ECF7B4D1D2D96C7007BB40B /* Fortification.swift */,
				8ECF7B4F1D2D96F5007BB40B /* McDowell.swift */,
				8ECF7B511D2D9710007BB40B /* Ellis.swift */,
				8ECF7B531D2D972B007BB40B /* WoodrowWilson.swift */,
				8ECF7B551D2D9744007BB40B /* OldCanton.swift */,
				8ECF7B571D2D975C007BB40B /* Lakeland.swift */,
				8EFBD45A1D1D8F8D00E209D3 /* MainMenuScene.swift */,
				8EB97DF01D21A9E000605EDE /* LevelSelectScene.swift */,
				8EB97DF21D21AA0600605EDE /* OptionsScene.swift */,
			);
			name = "Scene Classes";
			sourceTree = "<group>";
		};
		8E76024E1D1B4A9F00228445 /* Player Class */ = {
			isa = PBXGroup;
			children = (
				8E76024F1D1B4AB200228445 /* Player.swift */,
			);
			name = "Player Class";
			sourceTree = "<group>";
		};
/* End PBXGroup section */

/* Begin PBXNativeTarget section */
		8E7601F01D1B317F00228445 /* Welcome_To_Jackson */ = {
			isa = PBXNativeTarget;
			buildConfigurationList = 8E7602071D1B317F00228445 /* Build configuration list for PBXNativeTarget "Welcome_To_Jackson" */;
			buildPhases = (
				8E7601ED1D1B317F00228445 /* Sources */,
				8E7601EE1D1B317F00228445 /* Frameworks */,
				8E7601EF1D1B317F00228445 /* Resources */,
			);
			buildRules = (
			);
			dependencies = (
			);
			name = Welcome_To_Jackson;
			productName = Welcome_To_Jackson;
			productReference = 8E7601F11D1B317F00228445 /* Welcome_To_Jackson.app */;
			productType = "com.apple.product-type.application";
		};
/* End PBXNativeTarget section */

/* Begin PBXProject section */
		8E7601E91D1B317F00228445 /* Project object */ = {
			isa = PBXProject;
			attributes = {
				LastSwiftUpdateCheck = 0730;
				LastUpgradeCheck = 0730;
				ORGANIZATIONNAME = "Michael Hardin";
				TargetAttributes = {
					8E7601F01D1B317F00228445 = {
						CreatedOnToolsVersion = 7.3;
					};
				};
			};
			buildConfigurationList = 8E7601EC1D1B317F00228445 /* Build configuration list for PBXProject "Welcome_To_Jackson" */;
			compatibilityVersion = "Xcode 3.2";
			developmentRegion = English;
			hasScannedForEncodings = 0;
			knownRegions = (
				en,
				Base,
			);
			mainGroup = 8E7601E81D1B317F00228445;
			productRefGroup = 8E7601F21D1B317F00228445 /* Products */;
			projectDirPath = "";
			projectRoot = "";
			targets = (
				8E7601F01D1B317F00228445 /* Welcome_To_Jackson */,
			);
		};
/* End PBXProject section */

/* Begin PBXResourcesBuildPhase section */
		8E7601EF1D1B317F00228445 /* Resources */ = {
			isa = PBXResourcesBuildPhase;
			buildActionMask = 2147483647;
			files = (
				8EB97DED1D2184ED00605EDE /* Road_Rage.otf in Resources */,
				8EB97DF91D22DF7900605EDE /* Coin.wav in Resources */,
				8E7602241D1B31FF00228445 /* Jump.wav in Resources */,
				8EFBD4591D1D8F5300E209D3 /* MainMenuScene.sks in Resources */,
				8EB97DF51D21AA4100605EDE /* OptionsScene.sks in Resources */,
				8E305EAA1D2BF054009DE34A /* Ridgewood.sks in Resources */,
				8ECF7B5A1D2D9784007BB40B /* Terry.sks in Resources */,
				8EB97DF71D22DD8800605EDE /* Death.mp3 in Resources */,
				8ECF7B641D2D97C2007BB40B /* OldCanton.sks in Resources */,
				8ECF7B461D2D563C007BB40B /* High.sks in Resources */,
				8EB97DEF1D21A9CA00605EDE /* LevelSelectScene.sks in Resources */,
				8E4D3DC51D1C72AA0038FE72 /* HappyVintageBeat.wav in Resources */,
				8ECF7B621D2D97B6007BB40B /* WoodrowWilson.sks in Resources */,
				8ECF7B4A1D2D617B007BB40B /* State.sks in Resources */,
				8E7602031D1B317F00228445 /* LaunchScreen.storyboard in Resources */,
				8ECF7B661D2D97CE007BB40B /* Lakeland.sks in Resources */,
				8E7602001D1B317F00228445 /* Assets.xcassets in Resources */,
				8E1DD6831D257C5D0027A941 /* Capitol.sks in Resources */,
				8ECF7B601D2D97A9007BB40B /* Ellis.sks in Resources */,
				8E76024A1D1B33FE00228445 /* Level1.sks in Resources */,
				8E7601FE1D1B317F00228445 /* Main.storyboard in Resources */,
				8E1DD6771D25616C0027A941 /* CountyLine.sks in Resources */,
				8ECF7B5E1D2D979E007BB40B /* McDowell.sks in Resources */,
				8ECF7B5C1D2D9794007BB40B /* Fortification.sks in Resources */,
			);
			runOnlyForDeploymentPostprocessing = 0;
		};
/* End PBXResourcesBuildPhase section */

/* Begin PBXSourcesBuildPhase section */
		8E7601ED1D1B317F00228445 /* Sources */ = {
			isa = PBXSourcesBuildPhase;
			buildActionMask = 2147483647;
			files = (
				8E1DD6811D257BEA0027A941 /* Capitol.swift in Sources */,
				8E936D3A1D1EF65C005F726D /* AudioManager.swift in Sources */,
				8E1DD67F1D256DE80027A941 /* Constants.swift in Sources */,
				8EB97DF11D21A9E000605EDE /* LevelSelectScene.swift in Sources */,
				8ECF7B521D2D9710007BB40B /* Ellis.swift in Sources */,
				8E1DD6791D2562280027A941 /* CountyLine.swift in Sources */,
				8ECF7B441D2D5630007BB40B /* High.swift in Sources */,
				8EFBD45B1D1D8F8D00E209D3 /* MainMenuScene.swift in Sources */,
				8E7602501D1B4AB200228445 /* Player.swift in Sources */,
				8ECF7B481D2D6171007BB40B /* State.swift in Sources */,
				8E76024C1D1B346900228445 /* Level1.swift in Sources */,
				8ECF7B561D2D9744007BB40B /* OldCanton.swift in Sources */,
				8ECF7B541D2D972B007BB40B /* WoodrowWilson.swift in Sources */,
				8E7601FB1D1B317F00228445 /* GameViewController.swift in Sources */,
				8ECF7B4E1D2D96C7007BB40B /* Fortification.swift in Sources */,
				8ECF7B581D2D975C007BB40B /* Lakeland.swift in Sources */,
				8ECF7B501D2D96F5007BB40B /* McDowell.swift in Sources */,
				8E7601F51D1B317F00228445 /* AppDelegate.swift in Sources */,
				8ECF7B4C1D2D96B2007BB40B /* Terry.swift in Sources */,
				8EB97DF31D21AA0600605EDE /* OptionsScene.swift in Sources */,
				8E1DD67D1D2568C30027A941 /* BGAndGround.swift in Sources */,
				8E305EA81D2BF01C009DE34A /* Ridgewood.swift in Sources */,
			);
			runOnlyForDeploymentPostprocessing = 0;
		};
/* End PBXSourcesBuildPhase section */

/* Begin PBXVariantGroup section */
		8E7601FC1D1B317F00228445 /* Main.storyboard */ = {
			isa = PBXVariantGroup;
			children = (
				8E7601FD1D1B317F00228445 /* Base */,
			);
			name = Main.storyboard;
			sourceTree = "<group>";
		};
		8E7602011D1B317F00228445 /* LaunchScreen.storyboard */ = {
			isa = PBXVariantGroup;
			children = (
				8E7602021D1B317F00228445 /* Base */,
			);
			name = LaunchScreen.storyboard;
			sourceTree = "<group>";
		};
/* End PBXVariantGroup section */

/* Begin XCBuildConfiguration section */
		8E7602051D1B317F00228445 /* Debug */ = {
			isa = XCBuildConfiguration;
			buildSettings = {
				ALWAYS_SEARCH_USER_PATHS = NO;
				CLANG_ANALYZER_NONNULL = YES;
				CLANG_CXX_LANGUAGE_STANDARD = "gnu++0x";
				CLANG_CXX_LIBRARY = "libc++";
				CLANG_ENABLE_MODULES = YES;
				CLANG_ENABLE_OBJC_ARC = YES;
				CLANG_WARN_BOOL_CONVERSION = YES;
				CLANG_WARN_CONSTANT_CONVERSION = YES;
				CLANG_WARN_DIRECT_OBJC_ISA_USAGE = YES_ERROR;
				CLANG_WARN_EMPTY_BODY = YES;
				CLANG_WARN_ENUM_CONVERSION = YES;
				CLANG_WARN_INT_CONVERSION = YES;
				CLANG_WARN_OBJC_ROOT_CLASS = YES_ERROR;
				CLANG_WARN_UNREACHABLE_CODE = YES;
				CLANG_WARN__DUPLICATE_METHOD_MATCH = YES;
				"CODE_SIGN_IDENTITY[sdk=iphoneos*]" = "iPhone Developer";
				COPY_PHASE_STRIP = NO;
				DEBUG_INFORMATION_FORMAT = "dwarf-with-dsym";
				ENABLE_STRICT_OBJC_MSGSEND = YES;
				ENABLE_TESTABILITY = YES;
				GCC_C_LANGUAGE_STANDARD = gnu99;
				GCC_DYNAMIC_NO_PIC = NO;
				GCC_NO_COMMON_BLOCKS = YES;
				GCC_OPTIMIZATION_LEVEL = 0;
				GCC_PREPROCESSOR_DEFINITIONS = (
					"DEBUG=1",
					"$(inherited)",
				);
				GCC_WARN_64_TO_32_BIT_CONVERSION = YES;
				GCC_WARN_ABOUT_RETURN_TYPE = YES_ERROR;
				GCC_WARN_UNDECLARED_SELECTOR = YES;
				GCC_WARN_UNINITIALIZED_AUTOS = YES_AGGRESSIVE;
				GCC_WARN_UNUSED_FUNCTION = YES;
				GCC_WARN_UNUSED_VARIABLE = YES;
				IPHONEOS_DEPLOYMENT_TARGET = 9.3;
				MTL_ENABLE_DEBUG_INFO = YES;
				ONLY_ACTIVE_ARCH = YES;
				SDKROOT = iphoneos;
				SWIFT_OPTIMIZATION_LEVEL = "-Onone";
			};
			name = Debug;
		};
		8E7602061D1B317F00228445 /* Release */ = {
			isa = XCBuildConfiguration;
			buildSettings = {
				ALWAYS_SEARCH_USER_PATHS = NO;
				CLANG_ANALYZER_NONNULL = YES;
				CLANG_CXX_LANGUAGE_STANDARD = "gnu++0x";
				CLANG_CXX_LIBRARY = "libc++";
				CLANG_ENABLE_MODULES = YES;
				CLANG_ENABLE_OBJC_ARC = YES;
				CLANG_WARN_BOOL_CONVERSION = YES;
				CLANG_WARN_CONSTANT_CONVERSION = YES;
				CLANG_WARN_DIRECT_OBJC_ISA_USAGE = YES_ERROR;
				CLANG_WARN_EMPTY_BODY = YES;
				CLANG_WARN_ENUM_CONVERSION = YES;
				CLANG_WARN_INT_CONVERSION = YES;
				CLANG_WARN_OBJC_ROOT_CLASS = YES_ERROR;
				CLANG_WARN_UNREACHABLE_CODE = YES;
				CLANG_WARN__DUPLICATE_METHOD_MATCH = YES;
				"CODE_SIGN_IDENTITY[sdk=iphoneos*]" = "iPhone Developer";
				COPY_PHASE_STRIP = NO;
				DEBUG_INFORMATION_FORMAT = "dwarf-with-dsym";
				ENABLE_NS_ASSERTIONS = NO;
				ENABLE_STRICT_OBJC_MSGSEND = YES;
				GCC_C_LANGUAGE_STANDARD = gnu99;
				GCC_NO_COMMON_BLOCKS = YES;
				GCC_WARN_64_TO_32_BIT_CONVERSION = YES;
				GCC_WARN_ABOUT_RETURN_TYPE = YES_ERROR;
				GCC_WARN_UNDECLARED_SELECTOR = YES;
				GCC_WARN_UNINITIALIZED_AUTOS = YES_AGGRESSIVE;
				GCC_WARN_UNUSED_FUNCTION = YES;
				GCC_WARN_UNUSED_VARIABLE = YES;
				IPHONEOS_DEPLOYMENT_TARGET = 9.3;
				MTL_ENABLE_DEBUG_INFO = NO;
				SDKROOT = iphoneos;
				VALIDATE_PRODUCT = YES;
			};
			name = Release;
		};
		8E7602081D1B317F00228445 /* Debug */ = {
			isa = XCBuildConfiguration;
			buildSettings = {
				ASSETCATALOG_COMPILER_APPICON_NAME = AppIcon;
				CODE_SIGN_IDENTITY = "iPhone Developer";
				INFOPLIST_FILE = Welcome_To_Jackson/Info.plist;
				LD_RUNPATH_SEARCH_PATHS = "$(inherited) @executable_path/Frameworks";
				PRODUCT_BUNDLE_IDENTIFIER = "com.MichaelHardin.Welcome-To-Jackson";
				PRODUCT_NAME = "$(TARGET_NAME)";
			};
			name = Debug;
		};
		8E7602091D1B317F00228445 /* Release */ = {
			isa = XCBuildConfiguration;
			buildSettings = {
				ASSETCATALOG_COMPILER_APPICON_NAME = AppIcon;
				CODE_SIGN_IDENTITY = "iPhone Developer";
				INFOPLIST_FILE = Welcome_To_Jackson/Info.plist;
				LD_RUNPATH_SEARCH_PATHS = "$(inherited) @executable_path/Frameworks";
				PRODUCT_BUNDLE_IDENTIFIER = "com.MichaelHardin.Welcome-To-Jackson";
				PRODUCT_NAME = "$(TARGET_NAME)";
			};
			name = Release;
		};
/* End XCBuildConfiguration section */

/* Begin XCConfigurationList section */
		8E7601EC1D1B317F00228445 /* Build configuration list for PBXProject "Welcome_To_Jackson" */ = {
			isa = XCConfigurationList;
			buildConfigurations = (
				8E7602051D1B317F00228445 /* Debug */,
				8E7602061D1B317F00228445 /* Release */,
			);
			defaultConfigurationIsVisible = 0;
			defaultConfigurationName = Release;
		};
		8E7602071D1B317F00228445 /* Build configuration list for PBXNativeTarget "Welcome_To_Jackson" */ = {
			isa = XCConfigurationList;
			buildConfigurations = (
				8E7602081D1B317F00228445 /* Debug */,
				8E7602091D1B317F00228445 /* Release */,
			);
			defaultConfigurationIsVisible = 0;
			defaultConfigurationName = Release;
		};
/* End XCConfigurationList section */
	};
	rootObject = 8E7601E91D1B317F00228445 /* Project object */;
}
